%{
  "bunt": {:hex, :bunt, "0.2.0", "951c6e801e8b1d2cbe58ebbd3e616a869061ddadcc4863d0a2182541acae9a38", [:mix], []},
  "credo": {:hex, :credo, "0.8.10", "261862bb7363247762e1063713bb85df2bbd84af8d8610d1272cd9c1943bba63", [:mix], [{:bunt, "~> 0.2.0", [hex: :bunt, repo: "hexpm", optional: false]}], "hexpm"},
  "decimal": {:hex, :decimal, "1.7.0", "30d6b52c88541f9a66637359ddf85016df9eb266170d53105f02e4a67e00c5aa", [:mix], [], "hexpm"},
  "dialyxir": {:hex, :dialyxir, "0.5.1", "b331b091720fd93e878137add264bac4f644e1ddae07a70bf7062c7862c4b952", [:mix], [], "hexpm"},
  "earmark": {:hex, :earmark, "0.2.1", "ba6d26ceb16106d069b289df66751734802777a3cbb6787026dd800ffeb850f3", [:mix], [], "hexpm"},
  "ecto": {:hex, :ecto, "3.0.7", "44dda84ac6b17bbbdeb8ac5dfef08b7da253b37a453c34ab1a98de7f7e5fec7f", [:mix], [{:decimal, "~> 1.6", [hex: :decimal, repo: "hexpm", optional: false]}, {:jason, "~> 1.0", [hex: :jason, repo: "hexpm", optional: true]}, {:poison, "~> 2.2 or ~> 3.0", [hex: :poison, repo: "hexpm", optional: true]}], "hexpm"},
  "ex_doc": {:hex, :ex_doc, "0.12.0", "b774aabfede4af31c0301aece12371cbd25995a21bb3d71d66f5c2fe074c603f", [:mix], [{:earmark, "~> 0.2", [hex: :earmark, repo: "hexpm", optional: false]}], "hexpm"},
  "poolboy": {:hex, :poolboy, "1.5.1", "6b46163901cfd0a1b43d692657ed9d7e599853b3b21b95ae5ae0a777cf9b6ca8", [:rebar], []},
}
